
Microsoft Visual Studio Solution File, Format Version 12.00
# Visual Studio 2013
VisualStudioVersion = 12.0.30324.0
MinimumVisualStudioVersion = 10.0.40219.1
Project("{FAE04EC0-301F-11D3-BF4B-00C04F79EFBC}") = "BoletoBr", "BoletoBr\BoletoBr.csproj", "{EA3EBD2B-932E-42E1-9914-20C13185EBE2}"
EndProject
Project("{FAE04EC0-301F-11D3-BF4B-00C04F79EFBC}") = "BoletoBr.UnitTests", "BoletoBr.UnitTests\BoletoBr.UnitTests.csproj", "{D99DF35D-54A4-46F7-9B41-61F3029B104A}"
EndProject
Global
	GlobalSection(SolutionConfigurationPlatforms) = preSolution
		Debug|Any CPU = Debug|Any CPU
		Release|Any CPU = Release|Any CPU
	EndGlobalSection
	GlobalSection(ProjectConfigurationPlatforms) = postSolution
		{EA3EBD2B-932E-42E1-9914-20C13185EBE2}.Debug|Any CPU.ActiveCfg = Debug|Any CPU
		{EA3EBD2B-932E-42E1-9914-20C13185EBE2}.Debug|Any CPU.Build.0 = Debug|Any CPU
		{EA3EBD2B-932E-42E1-9914-20C13185EBE2}.Release|Any CPU.ActiveCfg = Release|Any CPU
		{EA3EBD2B-932E-42E1-9914-20C13185EBE2}.Release|Any CPU.Build.0 = Release|Any CPU
		{D99DF35D-54A4-46F7-9B41-61F3029B104A}.Debug|Any CPU.ActiveCfg = Debug|Any CPU
		{D99DF35D-54A4-46F7-9B41-61F3029B104A}.Debug|Any CPU.Build.0 = Debug|Any CPU
		{D99DF35D-54A4-46F7-9B41-61F3029B104A}.Release|Any CPU.ActiveCfg = Release|Any CPU
		{D99DF35D-54A4-46F7-9B41-61F3029B104A}.Release|Any CPU.Build.0 = Release|Any CPU
	EndGlobalSection
	GlobalSection(SolutionProperties) = preSolution
		HideSolutionNode = FALSE
	EndGlobalSection
EndGlobal
